// !$*UTF8*$!
{
	archiveVersion = 1;
	classes = {
	};
	objectVersion = 46;
	objects = {

/* Begin PBXBuildFile section */
		6F7ED1021C561F3900C01509 /* main.m in Sources */ = {isa = PBXBuildFile; fileRef = 6F7ED1011C561F3900C01509 /* main.m */; };
		6F7ED1051C561F3900C01509 /* AppDelegate.m in Sources */ = {isa = PBXBuildFile; fileRef = 6F7ED1041C561F3900C01509 /* AppDelegate.m */; };
		6F7ED1081C561F3900C01509 /* ViewController.m in Sources */ = {isa = PBXBuildFile; fileRef = 6F7ED1071C561F3900C01509 /* ViewController.m */; };
		6F7ED10B1C561F3900C01509 /* Main.storyboard in Resources */ = {isa = PBXBuildFile; fileRef = 6F7ED1091C561F3900C01509 /* Main.storyboard */; };
		6F7ED10D1C561F3900C01509 /* Assets.xcassets in Resources */ = {isa = PBXBuildFile; fileRef = 6F7ED10C1C561F3900C01509 /* Assets.xcassets */; };
		6F7ED1101C561F3900C01509 /* LaunchScreen.storyboard in Resources */ = {isa = PBXBuildFile; fileRef = 6F7ED10E1C561F3900C01509 /* LaunchScreen.storyboard */; };
		6F7ED11B1C561F3900C01509 /* CityTests.m in Sources */ = {isa = PBXBuildFile; fileRef = 6F7ED11A1C561F3900C01509 /* CityTests.m */; };
		6F7ED1261C561F3900C01509 /* CityUITests.m in Sources */ = {isa = PBXBuildFile; fileRef = 6F7ED1251C561F3900C01509 /* CityUITests.m */; };
		6F7ED1341C564AFF00C01509 /* p.plist in Resources */ = {isa = PBXBuildFile; fileRef = 6F7ED1331C564AFF00C01509 /* p.plist */; };
/* End PBXBuildFile section */

/* Begin PBXContainerItemProxy section */
		6F7ED1171C561F3900C01509 /* PBXContainerItemProxy */ = {
			isa = PBXContainerItemProxy;
			containerPortal = 6F7ED0F51C561F3900C01509 /* Project object */;
			proxyType = 1;
			remoteGlobalIDString = 6F7ED0FC1C561F3900C01509;
			remoteInfo = City;
		};
		6F7ED1221C561F3900C01509 /* PBXContainerItemProxy */ = {
			isa = PBXContainerItemProxy;
			containerPortal = 6F7ED0F51C561F3900C01509 /* Project object */;
			proxyType = 1;
			remoteGlobalIDString = 6F7ED0FC1C561F3900C01509;
			remoteInfo = City;
		};
/* End PBXContainerItemProxy section */

/* Begin PBXFileReference section */
		6F7ED0FD1C561F3900C01509 /* City.app */ = {isa = PBXFileReference; explicitFileType = wrapper.application; includeInIndex = 0; path = City.app; sourceTree = BUILT_PRODUCTS_DIR; };
		6F7ED1011C561F3900C01509 /* main.m */ = {isa = PBXFileReference; lastKnownFileType = sourcecode.c.objc; path = main.m; sourceTree = "<group>"; };
		6F7ED1031C561F3900C01509 /* AppDelegate.h */ = {isa = PBXFileReference; lastKnownFileType = sourcecode.c.h; path = AppDelegate.h; sourceTree = "<group>"; };
		6F7ED1041C561F3900C01509 /* AppDelegate.m */ = {isa = PBXFileReference; lastKnownFileType = sourcecode.c.objc; path = AppDelegate.m; sourceTree = "<group>"; };
		6F7ED1061C561F3900C01509 /* ViewController.h */ = {isa = PBXFileReference; lastKnownFileType = sourcecode.c.h; path = ViewController.h; sourceTree = "<group>"; };
		6F7ED1071C561F3900C01509 /* ViewController.m */ = {isa = PBXFileReference; lastKnownFileType = sourcecode.c.objc; path = ViewController.m; sourceTree = "<group>"; };
		6F7ED10A1C561F3900C01509 /* Base */ = {isa = PBXFileReference; lastKnownFileType = file.storyboard; name = Base; path = Base.lproj/Main.storyboard; sourceTree = "<group>"; };
		6F7ED10C1C561F3900C01509 /* Assets.xcassets */ = {isa = PBXFileReference; lastKnownFileType = folder.assetcatalog; path = Assets.xcassets; sourceTree = "<group>"; };
		6F7ED10F1C561F3900C01509 /* Base */ = {isa = PBXFileReference; lastKnownFileType = file.storyboard; name = Base; path = Base.lproj/LaunchScreen.storyboard; sourceTree = "<group>"; };
		6F7ED1111C561F3900C01509 /* Info.plist */ = {isa = PBXFileReference; lastKnownFileType = text.plist.xml; path = Info.plist; sourceTree = "<group>"; };
		6F7ED1161C561F3900C01509 /* CityTests.xctest */ = {isa = PBXFileReference; explicitFileType = wrapper.cfbundle; includeInIndex = 0; path = CityTests.xctest; sourceTree = BUILT_PRODUCTS_DIR; };
		6F7ED11A1C561F3900C01509 /* CityTests.m */ = {isa = PBXFileReference; lastKnownFileType = sourcecode.c.objc; path = CityTests.m; sourceTree = "<group>"; };
		6F7ED11C1C561F3900C01509 /* Info.plist */ = {isa = PBXFileReference; lastKnownFileType = text.plist.xml; path = Info.plist; sourceTree = "<group>"; };
		6F7ED1211C561F3900C01509 /* CityUITests.xctest */ = {isa = PBXFileReference; explicitFileType = wrapper.cfbundle; includeInIndex = 0; path = CityUITests.xctest; sourceTree = BUILT_PRODUCTS_DIR; };
		6F7ED1251C561F3900C01509 /* CityUITests.m */ = {isa = PBXFileReference; lastKnownFileType = sourcecode.c.objc; path = CityUITests.m; sourceTree = "<group>"; };
		6F7ED1271C561F3900C01509 /* Info.plist */ = {isa = PBXFileReference; lastKnownFileType = text.plist.xml; path = Info.plist; sourceTree = "<group>"; };
		6F7ED1331C564AFF00C01509 /* p.plist */ = {isa = PBXFileReference; fileEncoding = 4; lastKnownFileType = text.plist.xml; path = p.plist; sourceTree = "<group>"; };
/* End PBXFileReference section */

/* Begin PBXFrameworksBuildPhase section */
		6F7ED0FA1C561F3900C01509 /* Frameworks */ = {
			isa = PBXFrameworksBuildPhase;
			buildActionMask = 2147483647;
			files = (
			);
			runOnlyForDeploymentPostprocessing = 0;
		};
		6F7ED1131C561F3900C01509 /* Frameworks */ = {
			isa = PBXFrameworksBuildPhase;
			buildActionMask = 2147483647;
			files = (
			);
			runOnlyForDeploymentPostprocessing = 0;
		};
		6F7ED11E1C561F3900C01509 /* Frameworks */ = {
			isa = PBXFrameworksBuildPhase;
			buildActionMask = 2147483647;
			files = (
			);
			runOnlyForDeploymentPostprocessing = 0;
		};
/* End PBXFrameworksBuildPhase section */

/* Begin PBXGroup section */
		6F7ED0F41C561F3900C01509 = {
			isa = PBXGroup;
			children = (
				6F7ED0FF1C561F3900C01509 /* City */,
				6F7ED1191C561F3900C01509 /* CityTests */,
				6F7ED1241C561F3900C01509 /* CityUITests */,
				6F7ED0FE1C561F3900C01509 /* Products */,
			);
			sourceTree = "<group>";
		};
		6F7ED0FE1C561F3900C01509 /* Products */ = {
			isa = PBXGroup;
			children = (
				6F7ED0FD1C561F3900C01509 /* City.app */,
				6F7ED1161C561F3900C01509 /* CityTests.xctest */,
				6F7ED1211C561F3900C01509 /* CityUITests.xctest */,
			);
			name = Products;
			sourceTree = "<group>";
		};
		6F7ED0FF1C561F3900C01509 /* City */ = {
			isa = PBXGroup;
			children = (
				6F7ED1031C561F3900C01509 /* AppDelegate.h */,
				6F7ED1041C561F3900C01509 /* AppDelegate.m */,
				6F7ED1061C561F3900C01509 /* ViewController.h */,
				6F7ED1071C561F3900C01509 /* ViewController.m */,
				6F7ED1091C561F3900C01509 /* Main.storyboard */,
				6F7ED10C1C561F3900C01509 /* Assets.xcassets */,
				6F7ED10E1C561F3900C01509 /* LaunchScreen.storyboard */,
				6F7ED1111C561F3900C01509 /* Info.plist */,
				6F7ED1331C564AFF00C01509 /* p.plist */,
				6F7ED1001C561F3900C01509 /* Supporting Files */,
			);
			path = City;
			sourceTree = "<group>";
		};
		6F7ED1001C561F3900C01509 /* Supporting Files */ = {
			isa = PBXGroup;
			children = (
				6F7ED1011C561F3900C01509 /* main.m */,
			);
			name = "Supporting Files";
			sourceTree = "<group>";
		};
		6F7ED1191C561F3900C01509 /* CityTests */ = {
			isa = PBXGroup;
			children = (
				6F7ED11A1C561F3900C01509 /* CityTests.m */,
				6F7ED11C1C561F3900C01509 /* Info.plist */,
			);
			path = CityTests;
			sourceTree = "<group>";
		};
		6F7ED1241C561F3900C01509 /* CityUITests */ = {
			isa = PBXGroup;
			children = (
				6F7ED1251C561F3900C01509 /* CityUITests.m */,
				6F7ED1271C561F3900C01509 /* Info.plist */,
			);
			path = CityUITests;
			sourceTree = "<group>";
		};
/* End PBXGroup section */

/* Begin PBXNativeTarget section */
		6F7ED0FC1C561F3900C01509 /* City */ = {
			isa = PBXNativeTarget;
			buildConfigurationList = 6F7ED12A1C561F3900C01509 /* Build configuration list for PBXNativeTarget "City" */;
			buildPhases = (
				6F7ED0F91C561F3900C01509 /* Sources */,
				6F7ED0FA1C561F3900C01509 /* Frameworks */,
				6F7ED0FB1C561F3900C01509 /* Resources */,
			);
			buildRules = (
			);
			dependencies = (
			);
			name = City;
			productName = City;
			productReference = 6F7ED0FD1C561F3900C01509 /* City.app */;
			productType = "com.apple.product-type.application";
		};
		6F7ED1151C561F3900C01509 /* CityTests */ = {
			isa = PBXNativeTarget;
			buildConfigurationList = 6F7ED12D1C561F3900C01509 /* Build configuration list for PBXNativeTarget "CityTests" */;
			buildPhases = (
				6F7ED1121C561F3900C01509 /* Sources */,
				6F7ED1131C561F3900C01509 /* Frameworks */,
				6F7ED1141C561F3900C01509 /* Resources */,
			);
			buildRules = (
			);
			dependencies = (
				6F7ED1181C561F3900C01509 /* PBXTargetDependency */,
			);
			name = CityTests;
			productName = CityTests;
			productReference = 6F7ED1161C561F3900C01509 /* CityTests.xctest */;
			productType = "com.apple.product-type.bundle.unit-test";
		};
		6F7ED1201C561F3900C01509 /* CityUITests */ = {
			isa = PBXNativeTarget;
			buildConfigurationList = 6F7ED1301C561F3900C01509 /* Build configuration list for PBXNativeTarget "CityUITests" */;
			buildPhases = (
				6F7ED11D1C561F3900C01509 /* Sources */,
				6F7ED11E1C561F3900C01509 /* Frameworks */,
				6F7ED11F1C561F3900C01509 /* Resources */,
			);
			buildRules = (
			);
			dependencies = (
				6F7ED1231C561F3900C01509 /* PBXTargetDependency */,
			);
			name = CityUITests;
			productName = CityUITests;
			productReference = 6F7ED1211C561F3900C01509 /* CityUITests.xctest */;
			productType = "com.apple.product-type.bundle.ui-testing";
		};
/* End PBXNativeTarget section */

/* Begin PBXProject section */
		6F7ED0F51C561F3900C01509 /* Project object */ = {
			isa = PBXProject;
			attributes = {
				LastUpgradeCheck = 0720;
				ORGANIZATIONNAME = "贺梦洁";
				TargetAttributes = {
					6F7ED0FC1C561F3900C01509 = {
						CreatedOnToolsVersion = 7.2;
					};
					6F7ED1151C561F3900C01509 = {
						CreatedOnToolsVersion = 7.2;
						DevelopmentTeam = GP2DT25D2R;
						TestTargetID = 6F7ED0FC1C561F3900C01509;
					};
					6F7ED1201C561F3900C01509 = {
						CreatedOnToolsVersion = 7.2;
						DevelopmentTeam = GP2DT25D2R;
						TestTargetID = 6F7ED0FC1C561F3900C01509;
					};
				};
			};
			buildConfigurationList = 6F7ED0F81C561F3900C01509 /* Build configuration list for PBXProject "City" */;
			compatibilityVersion = "Xcode 3.2";
			developmentRegion = English;
			hasScannedForEncodings = 0;
			knownRegions = (
				en,
				Base,
			);
			mainGroup = 6F7ED0F41C561F3900C01509;
			productRefGroup = 6F7ED0FE1C561F3900C01509 /* Products */;
			projectDirPath = "";
			projectRoot = "";
			targets = (
				6F7ED0FC1C561F3900C01509 /* City */,
				6F7ED1151C561F3900C01509 /* CityTests */,
				6F7ED1201C561F3900C01509 /* CityUITests */,
			);
		};
/* End PBXProject section */

/* Begin PBXResourcesBuildPhase section */
		6F7ED0FB1C561F3900C01509 /* Resources */ = {
			isa = PBXResourcesBuildPhase;
			buildActionMask = 2147483647;
			files = (
				6F7ED1101C561F3900C01509 /* LaunchScreen.storyboard in Resources */,
				6F7ED1341C564AFF00C01509 /* p.plist in Resources */,
				6F7ED10D1C561F3900C01509 /* Assets.xcassets in Resources */,
				6F7ED10B1C561F3900C01509 /* Main.storyboard in Resources */,
			);
			runOnlyForDeploymentPostprocessing = 0;
		};
		6F7ED1141C561F3900C01509 /* Resources */ = {
			isa = PBXResourcesBuildPhase;
			buildActionMask = 2147483647;
			files = (
			);
			runOnlyForDeploymentPostprocessing = 0;
		};
		6F7ED11F1C561F3900C01509 /* Resources */ = {
			isa = PBXResourcesBuildPhase;
			buildActionMask = 2147483647;
			files = (
			);
			runOnlyForDeploymentPostprocessing = 0;
		};
/* End PBXResourcesBuildPhase section */

/* Begin PBXSourcesBuildPhase section */
		6F7ED0F91C561F3900C01509 /* Sources */ = {
			isa = PBXSourcesBuildPhase;
			buildActionMask = 2147483647;
			files = (
				6F7ED1081C561F3900C01509 /* ViewController.m in Sources */,
				6F7ED1051C561F3900C01509 /* AppDelegate.m in Sources */,
				6F7ED1021C561F3900C01509 /* main.m in Sources */,
			);
			runOnlyForDeploymentPostprocessing = 0;
		};
		6F7ED1121C561F3900C01509 /* Sources */ = {
			isa = PBXSourcesBuildPhase;
			buildActionMask = 2147483647;
			files = (
				6F7ED11B1C561F3900C01509 /* CityTests.m in Sources */,
			);
			runOnlyForDeploymentPostprocessing = 0;
		};
		6F7ED11D1C561F3900C01509 /* Sources */ = {
			isa = PBXSourcesBuildPhase;
			buildActionMask = 2147483647;
			files = (
				6F7ED1261C561F3900C01509 /* CityUITests.m in Sources */,
			);
			runOnlyForDeploymentPostprocessing = 0;
		};
/* End PBXSourcesBuildPhase section */

/* Begin PBXTargetDependency section */
		6F7ED1181C561F3900C01509 /* PBXTargetDependency */ = {
			isa = PBXTargetDependency;
			target = 6F7ED0FC1C561F3900C01509 /* City */;
			targetProxy = 6F7ED1171C561F3900C01509 /* PBXContainerItemProxy */;
		};
		6F7ED1231C561F3900C01509 /* PBXTargetDependency */ = {
			isa = PBXTargetDependency;
			target = 6F7ED0FC1C561F3900C01509 /* City */;
			targetProxy = 6F7ED1221C561F3900C01509 /* PBXContainerItemProxy */;
		};
/* End PBXTargetDependency section */

/* Begin PBXVariantGroup section */
		6F7ED1091C561F3900C01509 /* Main.storyboard */ = {
			isa = PBXVariantGroup;
			children = (
				6F7ED10A1C561F3900C01509 /* Base */,
			);
			name = Main.storyboard;
			sourceTree = "<group>";
		};
		6F7ED10E1C561F3900C01509 /* LaunchScreen.storyboard */ = {
			isa = PBXVariantGroup;
			children = (
				6F7ED10F1C561F3900C01509 /* Base */,
			);
			name = LaunchScreen.storyboard;
			sourceTree = "<group>";
		};
/* End PBXVariantGroup section */

/* Begin XCBuildConfiguration section */
		6F7ED1281C561F3900C01509 /* Debug */ = {
			isa = XCBuildConfiguration;
			buildSettings = {
				ALWAYS_SEARCH_USER_PATHS = NO;
				CLANG_CXX_LANGUAGE_STANDARD = "gnu++0x";
				CLANG_CXX_LIBRARY = "libc++";
				CLANG_ENABLE_MODULES = YES;
				CLANG_ENABLE_OBJC_ARC = YES;
				CLANG_WARN_BOOL_CONVERSION = YES;
				CLANG_WARN_CONSTANT_CONVERSION = YES;
				CLANG_WARN_DIRECT_OBJC_ISA_USAGE = YES_ERROR;
				CLANG_WARN_EMPTY_BODY = YES;
				CLANG_WARN_ENUM_CONVERSION = YES;
				CLANG_WARN_INT_CONVERSION = YES;
				CLANG_WARN_OBJC_ROOT_CLASS = YES_ERROR;
				CLANG_WARN_UNREACHABLE_CODE = YES;
				CLANG_WARN__DUPLICATE_METHOD_MATCH = YES;
				"CODE_SIGN_IDENTITY[sdk=iphoneos*]" = "iPhone Developer";
				COPY_PHASE_STRIP = NO;
				DEBUG_INFORMATION_FORMAT = dwarf;
				ENABLE_STRICT_OBJC_MSGSEND = YES;
				ENABLE_TESTABILITY = YES;
				GCC_C_LANGUAGE_STANDARD = gnu99;
				GCC_DYNAMIC_NO_PIC = NO;
				GCC_NO_COMMON_BLOCKS = YES;
				GCC_OPTIMIZATION_LEVEL = 0;
				GCC_PREPROCESSOR_DEFINITIONS = (
					"DEBUG=1",
					"$(inherited)",
				);
				GCC_WARN_64_TO_32_BIT_CONVERSION = YES;
				GCC_WARN_ABOUT_RETURN_TYPE = YES_ERROR;
				GCC_WARN_UNDECLARED_SELECTOR = YES;
				GCC_WARN_UNINITIALIZED_AUTOS = YES_AGGRESSIVE;
				GCC_WARN_UNUSED_FUNCTION = YES;
				GCC_WARN_UNUSED_VARIABLE = YES;
				IPHONEOS_DEPLOYMENT_TARGET = 9.2;
				MTL_ENABLE_DEBUG_INFO = YES;
				ONLY_ACTIVE_ARCH = YES;
				SDKROOT = iphoneos;
			};
			name = Debug;
		};
		6F7ED1291C561F3900C01509 /* Release */ = {
			isa = XCBuildConfiguration;
			buildSettings = {
				ALWAYS_SEARCH_USER_PATHS = NO;
				CLANG_CXX_LANGUAGE_STANDARD = "gnu++0x";
				CLANG_CXX_LIBRARY = "libc++";
				CLANG_ENABLE_MODULES = YES;
				CLANG_ENABLE_OBJC_ARC = YES;
				CLANG_WARN_BOOL_CONVERSION = YES;
				CLANG_WARN_CONSTANT_CONVERSION = YES;
				CLANG_WARN_DIRECT_OBJC_ISA_USAGE = YES_ERROR;
				CLANG_WARN_EMPTY_BODY = YES;
				CLANG_WARN_ENUM_CONVERSION = YES;
				CLANG_WARN_INT_CONVERSION = YES;
				CLANG_WARN_OBJC_ROOT_CLASS = YES_ERROR;
				CLANG_WARN_UNREACHABLE_CODE = YES;
				CLANG_WARN__DUPLICATE_METHOD_MATCH = YES;
				"CODE_SIGN_IDENTITY[sdk=iphoneos*]" = "iPhone Developer";
				COPY_PHASE_STRIP = NO;
				DEBUG_INFORMATION_FORMAT = "dwarf-with-dsym";
				ENABLE_NS_ASSERTIONS = NO;
				ENABLE_STRICT_OBJC_MSGSEND = YES;
				GCC_C_LANGUAGE_STANDARD = gnu99;
				GCC_NO_COMMON_BLOCKS = YES;
				GCC_WARN_64_TO_32_BIT_CONVERSION = YES;
				GCC_WARN_ABOUT_RETURN_TYPE = YES_ERROR;
				GCC_WARN_UNDECLARED_SELECTOR = YES;
				GCC_WARN_UNINITIALIZED_AUTOS = YES_AGGRESSIVE;
				GCC_WARN_UNUSED_FUNCTION = YES;
				GCC_WARN_UNUSED_VARIABLE = YES;
				IPHONEOS_DEPLOYMENT_TARGET = 9.2;
				MTL_ENABLE_DEBUG_INFO = NO;
				SDKROOT = iphoneos;
				VALIDATE_PRODUCT = YES;
			};
			name = Release;
		};
		6F7ED12B1C561F3900C01509 /* Debug */ = {
			isa = XCBuildConfiguration;
			buildSettings = {
				ASSETCATALOG_COMPILER_APPICON_NAME = AppIcon;
				CODE_SIGN_IDENTITY = "iPhone Developer";
				INFOPLIST_FILE = City/Info.plist;
				LD_RUNPATH_SEARCH_PATHS = "$(inherited) @executable_path/Frameworks";
				PRODUCT_BUNDLE_IDENTIFIER = com.hemengjie.City;
				PRODUCT_NAME = "$(TARGET_NAME)";
			};
			name = Debug;
		};
		6F7ED12C1C561F3900C01509 /* Release */ = {
			isa = XCBuildConfiguration;
			buildSettings = {
				ASSETCATALOG_COMPILER_APPICON_NAME = AppIcon;
				CODE_SIGN_IDENTITY = "iPhone Developer";
				INFOPLIST_FILE = City/Info.plist;
				LD_RUNPATH_SEARCH_PATHS = "$(inherited) @executable_path/Frameworks";
				PRODUCT_BUNDLE_IDENTIFIER = com.hemengjie.City;
				PRODUCT_NAME = "$(TARGET_NAME)";
			};
			name = Release;
		};
		6F7ED12E1C561F3900C01509 /* Debug */ = {
			isa = XCBuildConfiguration;
			buildSettings = {
				BUNDLE_LOADER = "$(TEST_HOST)";
				INFOPLIST_FILE = CityTests/Info.plist;
				LD_RUNPATH_SEARCH_PATHS = "$(inherited) @executable_path/Frameworks @loader_path/Frameworks";
				PRODUCT_BUNDLE_IDENTIFIER = com.hemengjie.CityTests;
				PRODUCT_NAME = "$(TARGET_NAME)";
				TEST_HOST = "$(BUILT_PRODUCTS_DIR)/City.app/City";
			};
			name = Debug;
		};
		6F7ED12F1C561F3900C01509 /* Release */ = {
			isa = XCBuildConfiguration;
			buildSettings = {
				BUNDLE_LOADER = "$(TEST_HOST)";
				INFOPLIST_FILE = CityTests/Info.plist;
				LD_RUNPATH_SEARCH_PATHS = "$(inherited) @executable_path/Frameworks @loader_path/Frameworks";
				PRODUCT_BUNDLE_IDENTIFIER = com.hemengjie.CityTests;
				PRODUCT_NAME = "$(TARGET_NAME)";
				TEST_HOST = "$(BUILT_PRODUCTS_DIR)/City.app/City";
			};
			name = Release;
		};
		6F7ED1311C561F3900C01509 /* Debug */ = {
			isa = XCBuildConfiguration;
			buildSettings = {
				INFOPLIST_FILE = CityUITests/Info.plist;
				LD_RUNPATH_SEARCH_PATHS = "$(inherited) @executable_path/Frameworks @loader_path/Frameworks";
				PRODUCT_BUNDLE_IDENTIFIER = com.hemengjie.CityUITests;
				PRODUCT_NAME = "$(TARGET_NAME)";
				TEST_TARGET_NAME = City;
				USES_XCTRUNNER = YES;
			};
			name = Debug;
		};
		6F7ED1321C561F3900C01509 /* Release */ = {
			isa = XCBuildConfiguration;
			buildSettings = {
				INFOPLIST_FILE = CityUITests/Info.plist;
				LD_RUNPATH_SEARCH_PATHS = "$(inherited) @executable_path/Frameworks @loader_path/Frameworks";
				PRODUCT_BUNDLE_IDENTIFIER = com.hemengjie.CityUITests;
				PRODUCT_NAME = "$(TARGET_NAME)";
				TEST_TARGET_NAME = City;
				USES_XCTRUNNER = YES;
			};
			name = Release;
		};
/* End XCBuildConfiguration section */

/* Begin XCConfigurationList section */
		6F7ED0F81C561F3900C01509 /* Build configuration list for PBXProject "City" */ = {
			isa = XCConfigurationList;
			buildConfigurations = (
				6F7ED1281C561F3900C01509 /* Debug */,
				6F7ED1291C561F3900C01509 /* Release */,
			);
			defaultConfigurationIsVisible = 0;
			defaultConfigurationName = Release;
		};
		6F7ED12A1C561F3900C01509 /* Build configuration list for PBXNativeTarget "City" */ = {
			isa = XCConfigurationList;
			buildConfigurations = (
				6F7ED12B1C561F3900C01509 /* Debug */,
				6F7ED12C1C561F3900C01509 /* Release */,
			);
			defaultConfigurationIsVisible = 0;
		};
		6F7ED12D1C561F3900C01509 /* Build configuration list for PBXNativeTarget "CityTests" */ = {
			isa = XCConfigurationList;
			buildConfigurations = (
				6F7ED12E1C561F3900C01509 /* Debug */,
				6F7ED12F1C561F3900C01509 /* Release */,
			);
			defaultConfigurationIsVisible = 0;
		};
		6F7ED1301C561F3900C01509 /* Build configuration list for PBXNativeTarget "CityUITests" */ = {
			isa = XCConfigurationList;
			buildConfigurations = (
				6F7ED1311C561F3900C01509 /* Debug */,
				6F7ED1321C561F3900C01509 /* Release */,
			);
			defaultConfigurationIsVisible = 0;
		};
/* End XCConfigurationList section */
	};
	rootObject = 6F7ED0F51C561F3900C01509 /* Project object */;
}
